
Microsoft Visual Studio Solution File, Format Version 12.00
# Visual Studio Version 16
VisualStudioVersion = 16.0.33027.164
MinimumVisualStudioVersion = 10.0.40219.1
Project("{9A19103F-16F7-4668-BE54-9A1E7A4F7556}") = "SAWA", "AVX2\SAWA.csproj", "{4249F63C-CAE6-48B4-9092-3BA49B67DA55}"
EndProject
Global
	GlobalSection(SolutionConfigurationPlatforms) = preSolution
		Debug|Any CPU = Debug|Any CPU
		Release|Any CPU = Release|Any CPU
	EndGlobalSection
	GlobalSection(ProjectConfigurationPlatforms) = postSolution
		{4249F63C-CAE6-48B4-9092-3BA49B67DA55}.Debug|Any CPU.ActiveCfg = Debug|Any CPU
		{4249F63C-CAE6-48B4-9092-3BA49B67DA55}.Debug|Any CPU.Build.0 = Debug|Any CPU
		{4249F63C-CAE6-48B4-9092-3BA49B67DA55}.Release|Any CPU.ActiveCfg = Release|Any CPU
		{4249F63C-CAE6-48B4-9092-3BA49B67DA55}.Release|Any CPU.Build.0 = Release|Any CPU
	EndGlobalSection
	GlobalSection(SolutionProperties) = preSolution
		HideSolutionNode = FALSE
	EndGlobalSection
	GlobalSection(ExtensibilityGlobals) = postSolution
		SolutionGuid = {0A4BC52F-37D2-424A-A087-C4E56DBEAEB7}
	EndGlobalSection
EndGlobal
